
Microsoft Visual Studio Solution File, Format Version 11.00
# Visual Studio 2010
Project("{8BC9CEB8-8B4A-11D0-8D11-00A0C91BC942}") = "osg", "osg\osg.vcxproj", "{15539123-AD91-4210-AF01-9D088ADCBA64}"
EndProject
Project("{8BC9CEB8-8B4A-11D0-8D11-00A0C91BC942}") = "OpenThreads", "OpenThreads\OpenThreads.vcxproj", "{A4D55012-F780-4B0D-A7B1-3B6E6D2FC476}"
EndProject
Project("{8BC9CEB8-8B4A-11D0-8D11-00A0C91BC942}") = "osgUtil", "osgUtil\osgUtil.vcxproj", "{28247A46-06A1-4937-A6DC-492D333C1C6B}"
EndProject
Project("{8BC9CEB8-8B4A-11D0-8D11-00A0C91BC942}") = "osgViewer", "osgViewer\osgViewer.vcxproj", "{C3817837-3411-4FA0-9746-B34DD735F4A7}"
EndProject
Project("{8BC9CEB8-8B4A-11D0-8D11-00A0C91BC942}") = "osgDB", "osgDB\osgDB.vcxproj", "{A7B97738-9B89-4166-ADB3-F11A64BA1279}"
EndProject
Project("{8BC9CEB8-8B4A-11D0-8D11-00A0C91BC942}") = "osgGA", "osgGA\osgGA.vcxproj", "{30538A9C-F723-405D-A4BE-E85D43AF19C1}"
EndProject
Project("{8BC9CEB8-8B4A-11D0-8D11-00A0C91BC942}") = "osgText", "osgText\osgText.vcxproj", "{1833AA52-6D39-4F92-AE2D-0071D62BA4B9}"
EndProject
Project("{8BC9CEB8-8B4A-11D0-8D11-00A0C91BC942}") = "Demo_OSG", "Demo_OSG\Demo_OSG.vcxproj", "{924E0E2C-9761-475A-910B-08D8C2C49281}"
EndProject
Global
	GlobalSection(SolutionConfigurationPlatforms) = preSolution
		Debug|Win32 = Debug|Win32
		Release|Win32 = Release|Win32
	EndGlobalSection
	GlobalSection(ProjectConfigurationPlatforms) = postSolution
		{15539123-AD91-4210-AF01-9D088ADCBA64}.Debug|Win32.ActiveCfg = Debug|Win32
		{15539123-AD91-4210-AF01-9D088ADCBA64}.Debug|Win32.Build.0 = Debug|Win32
		{15539123-AD91-4210-AF01-9D088ADCBA64}.Release|Win32.ActiveCfg = Release|Win32
		{15539123-AD91-4210-AF01-9D088ADCBA64}.Release|Win32.Build.0 = Release|Win32
		{A4D55012-F780-4B0D-A7B1-3B6E6D2FC476}.Debug|Win32.ActiveCfg = Debug|Win32
		{A4D55012-F780-4B0D-A7B1-3B6E6D2FC476}.Debug|Win32.Build.0 = Debug|Win32
		{A4D55012-F780-4B0D-A7B1-3B6E6D2FC476}.Release|Win32.ActiveCfg = Release|Win32
		{A4D55012-F780-4B0D-A7B1-3B6E6D2FC476}.Release|Win32.Build.0 = Release|Win32
		{28247A46-06A1-4937-A6DC-492D333C1C6B}.Debug|Win32.ActiveCfg = Debug|Win32
		{28247A46-06A1-4937-A6DC-492D333C1C6B}.Debug|Win32.Build.0 = Debug|Win32
		{28247A46-06A1-4937-A6DC-492D333C1C6B}.Release|Win32.ActiveCfg = Release|Win32
		{28247A46-06A1-4937-A6DC-492D333C1C6B}.Release|Win32.Build.0 = Release|Win32
		{C3817837-3411-4FA0-9746-B34DD735F4A7}.Debug|Win32.ActiveCfg = Debug|Win32
		{C3817837-3411-4FA0-9746-B34DD735F4A7}.Debug|Win32.Build.0 = Debug|Win32
		{C3817837-3411-4FA0-9746-B34DD735F4A7}.Release|Win32.ActiveCfg = Release|Win32
		{C3817837-3411-4FA0-9746-B34DD735F4A7}.Release|Win32.Build.0 = Release|Win32
		{A7B97738-9B89-4166-ADB3-F11A64BA1279}.Debug|Win32.ActiveCfg = Debug|Win32
		{A7B97738-9B89-4166-ADB3-F11A64BA1279}.Debug|Win32.Build.0 = Debug|Win32
		{A7B97738-9B89-4166-ADB3-F11A64BA1279}.Release|Win32.ActiveCfg = Release|Win32
		{A7B97738-9B89-4166-ADB3-F11A64BA1279}.Release|Win32.Build.0 = Release|Win32
		{30538A9C-F723-405D-A4BE-E85D43AF19C1}.Debug|Win32.ActiveCfg = Debug|Win32
		{30538A9C-F723-405D-A4BE-E85D43AF19C1}.Debug|Win32.Build.0 = Debug|Win32
		{30538A9C-F723-405D-A4BE-E85D43AF19C1}.Release|Win32.ActiveCfg = Release|Win32
		{30538A9C-F723-405D-A4BE-E85D43AF19C1}.Release|Win32.Build.0 = Release|Win32
		{1833AA52-6D39-4F92-AE2D-0071D62BA4B9}.Debug|Win32.ActiveCfg = Debug|Win32
		{1833AA52-6D39-4F92-AE2D-0071D62BA4B9}.Debug|Win32.Build.0 = Debug|Win32
		{1833AA52-6D39-4F92-AE2D-0071D62BA4B9}.Release|Win32.ActiveCfg = Release|Win32
		{1833AA52-6D39-4F92-AE2D-0071D62BA4B9}.Release|Win32.Build.0 = Release|Win32
		{924E0E2C-9761-475A-910B-08D8C2C49281}.Debug|Win32.ActiveCfg = Debug|Win32
		{924E0E2C-9761-475A-910B-08D8C2C49281}.Debug|Win32.Build.0 = Debug|Win32
		{924E0E2C-9761-475A-910B-08D8C2C49281}.Release|Win32.ActiveCfg = Release|Win32
		{924E0E2C-9761-475A-910B-08D8C2C49281}.Release|Win32.Build.0 = Release|Win32
	EndGlobalSection
	GlobalSection(SolutionProperties) = preSolution
		HideSolutionNode = FALSE
	EndGlobalSection
EndGlobal
